// !$*UTF8*$!
{
	archiveVersion = 1;
	classes = {
	};
	objectVersion = 50;
	objects = {

/* Begin PBXBuildFile section */
		8F08620325B60CCA00DB752C /* AppDelegate.swift in Sources */ = {isa = PBXBuildFile; fileRef = 8F08620225B60CCA00DB752C /* AppDelegate.swift */; };
		8F08620525B60CCA00DB752C /* SceneDelegate.swift in Sources */ = {isa = PBXBuildFile; fileRef = 8F08620425B60CCA00DB752C /* SceneDelegate.swift */; };
		8F08620725B60CCA00DB752C /* FrontRunningViewController.swift in Sources */ = {isa = PBXBuildFile; fileRef = 8F08620625B60CCA00DB752C /* FrontRunningViewController.swift */; };
		8F08620A25B60CCA00DB752C /* Main.storyboard in Resources */ = {isa = PBXBuildFile; fileRef = 8F08620825B60CCA00DB752C /* Main.storyboard */; };
		8F08620C25B60CCE00DB752C /* Assets.xcassets in Resources */ = {isa = PBXBuildFile; fileRef = 8F08620B25B60CCE00DB752C /* Assets.xcassets */; };
		8F08620F25B60CCE00DB752C /* LaunchScreen.storyboard in Resources */ = {isa = PBXBuildFile; fileRef = 8F08620D25B60CCE00DB752C /* LaunchScreen.storyboard */; };
		8F08623325B7510D00DB752C /* IroIroRGB.swift in Sources */ = {isa = PBXBuildFile; fileRef = 8F08623225B7510D00DB752C /* IroIroRGB.swift */; };
		8FE345C225BFD82A00BF4E77 /* DownloadDelegate.swift in Sources */ = {isa = PBXBuildFile; fileRef = 8FE345C125BFD82A00BF4E77 /* DownloadDelegate.swift */; };
/* End PBXBuildFile section */

/* Begin PBXFileReference section */
		8F0861FF25B60CCA00DB752C /* Circprogresularity.app */ = {isa = PBXFileReference; explicitFileType = wrapper.application; includeInIndex = 0; path = Circprogresularity.app; sourceTree = BUILT_PRODUCTS_DIR; };
		8F08620225B60CCA00DB752C /* AppDelegate.swift */ = {isa = PBXFileReference; lastKnownFileType = sourcecode.swift; path = AppDelegate.swift; sourceTree = "<group>"; };
		8F08620425B60CCA00DB752C /* SceneDelegate.swift */ = {isa = PBXFileReference; lastKnownFileType = sourcecode.swift; path = SceneDelegate.swift; sourceTree = "<group>"; };
		8F08620625B60CCA00DB752C /* FrontRunningViewController.swift */ = {isa = PBXFileReference; lastKnownFileType = sourcecode.swift; path = FrontRunningViewController.swift; sourceTree = "<group>"; };
		8F08620925B60CCA00DB752C /* Base */ = {isa = PBXFileReference; lastKnownFileType = file.storyboard; name = Base; path = Base.lproj/Main.storyboard; sourceTree = "<group>"; };
		8F08620B25B60CCE00DB752C /* Assets.xcassets */ = {isa = PBXFileReference; lastKnownFileType = folder.assetcatalog; path = Assets.xcassets; sourceTree = "<group>"; };
		8F08620E25B60CCE00DB752C /* Base */ = {isa = PBXFileReference; lastKnownFileType = file.storyboard; name = Base; path = Base.lproj/LaunchScreen.storyboard; sourceTree = "<group>"; };
		8F08621025B60CCE00DB752C /* Info.plist */ = {isa = PBXFileReference; lastKnownFileType = text.plist.xml; path = Info.plist; sourceTree = "<group>"; };
		8F08623225B7510D00DB752C /* IroIroRGB.swift */ = {isa = PBXFileReference; lastKnownFileType = sourcecode.swift; path = IroIroRGB.swift; sourceTree = "<group>"; };
		8FE345C125BFD82A00BF4E77 /* DownloadDelegate.swift */ = {isa = PBXFileReference; lastKnownFileType = sourcecode.swift; path = DownloadDelegate.swift; sourceTree = "<group>"; };
/* End PBXFileReference section */

/* Begin PBXFrameworksBuildPhase section */
		8F0861FC25B60CCA00DB752C /* Frameworks */ = {
			isa = PBXFrameworksBuildPhase;
			buildActionMask = 2147483647;
			files = (
			);
			runOnlyForDeploymentPostprocessing = 0;
		};
/* End PBXFrameworksBuildPhase section */

/* Begin PBXGroup section */
		8F0861F625B60CCA00DB752C = {
			isa = PBXGroup;
			children = (
				8F08620125B60CCA00DB752C /* Circprogresularity */,
				8F08620025B60CCA00DB752C /* Products */,
			);
			sourceTree = "<group>";
		};
		8F08620025B60CCA00DB752C /* Products */ = {
			isa = PBXGroup;
			children = (
				8F0861FF25B60CCA00DB752C /* Circprogresularity.app */,
			);
			name = Products;
			sourceTree = "<group>";
		};
		8F08620125B60CCA00DB752C /* Circprogresularity */ = {
			isa = PBXGroup;
			children = (
				8F08620225B60CCA00DB752C /* AppDelegate.swift */,
				8F08620425B60CCA00DB752C /* SceneDelegate.swift */,
				8F08620625B60CCA00DB752C /* FrontRunningViewController.swift */,
				8FE345C125BFD82A00BF4E77 /* DownloadDelegate.swift */,
				8F08623225B7510D00DB752C /* IroIroRGB.swift */,
				8F08620825B60CCA00DB752C /* Main.storyboard */,
				8F08620B25B60CCE00DB752C /* Assets.xcassets */,
				8F08620D25B60CCE00DB752C /* LaunchScreen.storyboard */,
				8F08621025B60CCE00DB752C /* Info.plist */,
			);
			path = Circprogresularity;
			sourceTree = "<group>";
		};
/* End PBXGroup section */

/* Begin PBXNativeTarget section */
		8F0861FE25B60CCA00DB752C /* Circprogresularity */ = {
			isa = PBXNativeTarget;
			buildConfigurationList = 8F08621325B60CCE00DB752C /* Build configuration list for PBXNativeTarget "Circprogresularity" */;
			buildPhases = (
				8F0861FB25B60CCA00DB752C /* Sources */,
				8F0861FC25B60CCA00DB752C /* Frameworks */,
				8F0861FD25B60CCA00DB752C /* Resources */,
			);
			buildRules = (
			);
			dependencies = (
			);
			name = Circprogresularity;
			productName = Circprogresularity;
			productReference = 8F0861FF25B60CCA00DB752C /* Circprogresularity.app */;
			productType = "com.apple.product-type.application";
		};
/* End PBXNativeTarget section */

/* Begin PBXProject section */
		8F0861F725B60CCA00DB752C /* Project object */ = {
			isa = PBXProject;
			attributes = {
				LastSwiftUpdateCheck = 1220;
				LastUpgradeCheck = 1220;
				TargetAttributes = {
					8F0861FE25B60CCA00DB752C = {
						CreatedOnToolsVersion = 12.2;
					};
				};
			};
			buildConfigurationList = 8F0861FA25B60CCA00DB752C /* Build configuration list for PBXProject "Circprogresularity" */;
			compatibilityVersion = "Xcode 9.3";
			developmentRegion = en;
			hasScannedForEncodings = 0;
			knownRegions = (
				en,
				Base,
			);
			mainGroup = 8F0861F625B60CCA00DB752C;
			productRefGroup = 8F08620025B60CCA00DB752C /* Products */;
			projectDirPath = "";
			projectRoot = "";
			targets = (
				8F0861FE25B60CCA00DB752C /* Circprogresularity */,
			);
		};
/* End PBXProject section */

/* Begin PBXResourcesBuildPhase section */
		8F0861FD25B60CCA00DB752C /* Resources */ = {
			isa = PBXResourcesBuildPhase;
			buildActionMask = 2147483647;
			files = (
				8F08620F25B60CCE00DB752C /* LaunchScreen.storyboard in Resources */,
				8F08620C25B60CCE00DB752C /* Assets.xcassets in Resources */,
				8F08620A25B60CCA00DB752C /* Main.storyboard in Resources */,
			);
			runOnlyForDeploymentPostprocessing = 0;
		};
/* End PBXResourcesBuildPhase section */

/* Begin PBXSourcesBuildPhase section */
		8F0861FB25B60CCA00DB752C /* Sources */ = {
			isa = PBXSourcesBuildPhase;
			buildActionMask = 2147483647;
			files = (
				8F08620725B60CCA00DB752C /* FrontRunningViewController.swift in Sources */,
				8FE345C225BFD82A00BF4E77 /* DownloadDelegate.swift in Sources */,
				8F08623325B7510D00DB752C /* IroIroRGB.swift in Sources */,
				8F08620325B60CCA00DB752C /* AppDelegate.swift in Sources */,
				8F08620525B60CCA00DB752C /* SceneDelegate.swift in Sources */,
			);
			runOnlyForDeploymentPostprocessing = 0;
		};
/* End PBXSourcesBuildPhase section */

/* Begin PBXVariantGroup section */
		8F08620825B60CCA00DB752C /* Main.storyboard */ = {
			isa = PBXVariantGroup;
			children = (
				8F08620925B60CCA00DB752C /* Base */,
			);
			name = Main.storyboard;
			sourceTree = "<group>";
		};
		8F08620D25B60CCE00DB752C /* LaunchScreen.storyboard */ = {
			isa = PBXVariantGroup;
			children = (
				8F08620E25B60CCE00DB752C /* Base */,
			);
			name = LaunchScreen.storyboard;
			sourceTree = "<group>";
		};
/* End PBXVariantGroup section */

/* Begin XCBuildConfiguration section */
		8F08621125B60CCE00DB752C /* Debug */ = {
			isa = XCBuildConfiguration;
			buildSettings = {
				ALWAYS_SEARCH_USER_PATHS = NO;
				CLANG_ANALYZER_NONNULL = YES;
				CLANG_ANALYZER_NUMBER_OBJECT_CONVERSION = YES_AGGRESSIVE;
				CLANG_CXX_LANGUAGE_STANDARD = "gnu++14";
				CLANG_CXX_LIBRARY = "libc++";
				CLANG_ENABLE_MODULES = YES;
				CLANG_ENABLE_OBJC_ARC = YES;
				CLANG_ENABLE_OBJC_WEAK = YES;
				CLANG_WARN_BLOCK_CAPTURE_AUTORELEASING = YES;
				CLANG_WARN_BOOL_CONVERSION = YES;
				CLANG_WARN_COMMA = YES;
				CLANG_WARN_CONSTANT_CONVERSION = YES;
				CLANG_WARN_DEPRECATED_OBJC_IMPLEMENTATIONS = YES;
				CLANG_WARN_DIRECT_OBJC_ISA_USAGE = YES_ERROR;
				CLANG_WARN_DOCUMENTATION_COMMENTS = YES;
				CLANG_WARN_EMPTY_BODY = YES;
				CLANG_WARN_ENUM_CONVERSION = YES;
				CLANG_WARN_INFINITE_RECURSION = YES;
				CLANG_WARN_INT_CONVERSION = YES;
				CLANG_WARN_NON_LITERAL_NULL_CONVERSION = YES;
				CLANG_WARN_OBJC_IMPLICIT_RETAIN_SELF = YES;
				CLANG_WARN_OBJC_LITERAL_CONVERSION = YES;
				CLANG_WARN_OBJC_ROOT_CLASS = YES_ERROR;
				CLANG_WARN_QUOTED_INCLUDE_IN_FRAMEWORK_HEADER = YES;
				CLANG_WARN_RANGE_LOOP_ANALYSIS = YES;
				CLANG_WARN_STRICT_PROTOTYPES = YES;
				CLANG_WARN_SUSPICIOUS_MOVE = YES;
				CLANG_WARN_UNGUARDED_AVAILABILITY = YES_AGGRESSIVE;
				CLANG_WARN_UNREACHABLE_CODE = YES;
				CLANG_WARN__DUPLICATE_METHOD_MATCH = YES;
				COPY_PHASE_STRIP = NO;
				DEBUG_INFORMATION_FORMAT = dwarf;
				ENABLE_STRICT_OBJC_MSGSEND = YES;
				ENABLE_TESTABILITY = YES;
				GCC_C_LANGUAGE_STANDARD = gnu11;
				GCC_DYNAMIC_NO_PIC = NO;
				GCC_NO_COMMON_BLOCKS = YES;
				GCC_OPTIMIZATION_LEVEL = 0;
				GCC_PREPROCESSOR_DEFINITIONS = (
					"DEBUG=1",
					"$(inherited)",
				);
				GCC_WARN_64_TO_32_BIT_CONVERSION = YES;
				GCC_WARN_ABOUT_RETURN_TYPE = YES_ERROR;
				GCC_WARN_UNDECLARED_SELECTOR = YES;
				GCC_WARN_UNINITIALIZED_AUTOS = YES_AGGRESSIVE;
				GCC_WARN_UNUSED_FUNCTION = YES;
				GCC_WARN_UNUSED_VARIABLE = YES;
				IPHONEOS_DEPLOYMENT_TARGET = 14.2;
				MTL_ENABLE_DEBUG_INFO = INCLUDE_SOURCE;
				MTL_FAST_MATH = YES;
				ONLY_ACTIVE_ARCH = YES;
				SDKROOT = iphoneos;
				SWIFT_ACTIVE_COMPILATION_CONDITIONS = DEBUG;
				SWIFT_OPTIMIZATION_LEVEL = "-Onone";
			};
			name = Debug;
		};
		8F08621225B60CCE00DB752C /* Release */ = {
			isa = XCBuildConfiguration;
			buildSettings = {
				ALWAYS_SEARCH_USER_PATHS = NO;
				CLANG_ANALYZER_NONNULL = YES;
				CLANG_ANALYZER_NUMBER_OBJECT_CONVERSION = YES_AGGRESSIVE;
				CLANG_CXX_LANGUAGE_STANDARD = "gnu++14";
				CLANG_CXX_LIBRARY = "libc++";
				CLANG_ENABLE_MODULES = YES;
				CLANG_ENABLE_OBJC_ARC = YES;
				CLANG_ENABLE_OBJC_WEAK = YES;
				CLANG_WARN_BLOCK_CAPTURE_AUTORELEASING = YES;
				CLANG_WARN_BOOL_CONVERSION = YES;
				CLANG_WARN_COMMA = YES;
				CLANG_WARN_CONSTANT_CONVERSION = YES;
				CLANG_WARN_DEPRECATED_OBJC_IMPLEMENTATIONS = YES;
				CLANG_WARN_DIRECT_OBJC_ISA_USAGE = YES_ERROR;
				CLANG_WARN_DOCUMENTATION_COMMENTS = YES;
				CLANG_WARN_EMPTY_BODY = YES;
				CLANG_WARN_ENUM_CONVERSION = YES;
				CLANG_WARN_INFINITE_RECURSION = YES;
				CLANG_WARN_INT_CONVERSION = YES;
				CLANG_WARN_NON_LITERAL_NULL_CONVERSION = YES;
				CLANG_WARN_OBJC_IMPLICIT_RETAIN_SELF = YES;
				CLANG_WARN_OBJC_LITERAL_CONVERSION = YES;
				CLANG_WARN_OBJC_ROOT_CLASS = YES_ERROR;
				CLANG_WARN_QUOTED_INCLUDE_IN_FRAMEWORK_HEADER = YES;
				CLANG_WARN_RANGE_LOOP_ANALYSIS = YES;
				CLANG_WARN_STRICT_PROTOTYPES = YES;
				CLANG_WARN_SUSPICIOUS_MOVE = YES;
				CLANG_WARN_UNGUARDED_AVAILABILITY = YES_AGGRESSIVE;
				CLANG_WARN_UNREACHABLE_CODE = YES;
				CLANG_WARN__DUPLICATE_METHOD_MATCH = YES;
				COPY_PHASE_STRIP = NO;
				DEBUG_INFORMATION_FORMAT = "dwarf-with-dsym";
				ENABLE_NS_ASSERTIONS = NO;
				ENABLE_STRICT_OBJC_MSGSEND = YES;
				GCC_C_LANGUAGE_STANDARD = gnu11;
				GCC_NO_COMMON_BLOCKS = YES;
				GCC_WARN_64_TO_32_BIT_CONVERSION = YES;
				GCC_WARN_ABOUT_RETURN_TYPE = YES_ERROR;
				GCC_WARN_UNDECLARED_SELECTOR = YES;
				GCC_WARN_UNINITIALIZED_AUTOS = YES_AGGRESSIVE;
				GCC_WARN_UNUSED_FUNCTION = YES;
				GCC_WARN_UNUSED_VARIABLE = YES;
				IPHONEOS_DEPLOYMENT_TARGET = 14.2;
				MTL_ENABLE_DEBUG_INFO = NO;
				MTL_FAST_MATH = YES;
				SDKROOT = iphoneos;
				SWIFT_COMPILATION_MODE = wholemodule;
				SWIFT_OPTIMIZATION_LEVEL = "-O";
				VALIDATE_PRODUCT = YES;
			};
			name = Release;
		};
		8F08621425B60CCE00DB752C /* Debug */ = {
			isa = XCBuildConfiguration;
			buildSettings = {
				ASSETCATALOG_COMPILER_APPICON_NAME = AppIcon;
				ASSETCATALOG_COMPILER_GLOBAL_ACCENT_COLOR_NAME = AccentColor;
				CODE_SIGN_STYLE = Automatic;
				DEVELOPMENT_TEAM = FQGTQT3UZ8;
				INFOPLIST_FILE = Circprogresularity/Info.plist;
				LD_RUNPATH_SEARCH_PATHS = (
					"$(inherited)",
					"@executable_path/Frameworks",
				);
				PRODUCT_BUNDLE_IDENTIFIER = com.JerExplosion.Circprogresularity;
				PRODUCT_NAME = "$(TARGET_NAME)";
				SWIFT_VERSION = 5.0;
				TARGETED_DEVICE_FAMILY = "1,2";
			};
			name = Debug;
		};
		8F08621525B60CCE00DB752C /* Release */ = {
			isa = XCBuildConfiguration;
			buildSettings = {
				ASSETCATALOG_COMPILER_APPICON_NAME = AppIcon;
				ASSETCATALOG_COMPILER_GLOBAL_ACCENT_COLOR_NAME = AccentColor;
				CODE_SIGN_STYLE = Automatic;
				DEVELOPMENT_TEAM = FQGTQT3UZ8;
				INFOPLIST_FILE = Circprogresularity/Info.plist;
				LD_RUNPATH_SEARCH_PATHS = (
					"$(inherited)",
					"@executable_path/Frameworks",
				);
				PRODUCT_BUNDLE_IDENTIFIER = com.JerExplosion.Circprogresularity;
				PRODUCT_NAME = "$(TARGET_NAME)";
				SWIFT_VERSION = 5.0;
				TARGETED_DEVICE_FAMILY = "1,2";
			};
			name = Release;
		};
/* End XCBuildConfiguration section */

/* Begin XCConfigurationList section */
		8F0861FA25B60CCA00DB752C /* Build configuration list for PBXProject "Circprogresularity" */ = {
			isa = XCConfigurationList;
			buildConfigurations = (
				8F08621125B60CCE00DB752C /* Debug */,
				8F08621225B60CCE00DB752C /* Release */,
			);
			defaultConfigurationIsVisible = 0;
			defaultConfigurationName = Release;
		};
		8F08621325B60CCE00DB752C /* Build configuration list for PBXNativeTarget "Circprogresularity" */ = {
			isa = XCConfigurationList;
			buildConfigurations = (
				8F08621425B60CCE00DB752C /* Debug */,
				8F08621525B60CCE00DB752C /* Release */,
			);
			defaultConfigurationIsVisible = 0;
			defaultConfigurationName = Release;
		};
/* End XCConfigurationList section */
	};
	rootObject = 8F0861F725B60CCA00DB752C /* Project object */;
}
