// !$*UTF8*$!
{
	archiveVersion = 1;
	classes = {
	};
	objectVersion = 50;
	objects = {

/* Begin PBXBuildFile section */
		8F85A04525C122D800EAE52C /* Animatable.swift in Sources */ = {isa = PBXBuildFile; fileRef = 8F85A04425C122D800EAE52C /* Animatable.swift */; };
		8FF4A23125BF787000569DD4 /* AppDelegate.swift in Sources */ = {isa = PBXBuildFile; fileRef = 8FF4A23025BF787000569DD4 /* AppDelegate.swift */; };
		8FF4A23325BF787000569DD4 /* SceneDelegate.swift in Sources */ = {isa = PBXBuildFile; fileRef = 8FF4A23225BF787000569DD4 /* SceneDelegate.swift */; };
		8FF4A23525BF787000569DD4 /* HelloWorldViewController.swift in Sources */ = {isa = PBXBuildFile; fileRef = 8FF4A23425BF787000569DD4 /* HelloWorldViewController.swift */; };
		8FF4A23825BF787000569DD4 /* Main.storyboard in Resources */ = {isa = PBXBuildFile; fileRef = 8FF4A23625BF787000569DD4 /* Main.storyboard */; };
		8FF4A23A25BF787300569DD4 /* Assets.xcassets in Resources */ = {isa = PBXBuildFile; fileRef = 8FF4A23925BF787300569DD4 /* Assets.xcassets */; };
		8FF4A23D25BF787300569DD4 /* LaunchScreen.storyboard in Resources */ = {isa = PBXBuildFile; fileRef = 8FF4A23B25BF787300569DD4 /* LaunchScreen.storyboard */; };
/* End PBXBuildFile section */

/* Begin PBXFileReference section */
		8F85A04425C122D800EAE52C /* Animatable.swift */ = {isa = PBXFileReference; lastKnownFileType = sourcecode.swift; path = Animatable.swift; sourceTree = "<group>"; };
		8FF4A22D25BF787000569DD4 /* DeployableBuild_HelloWorld.app */ = {isa = PBXFileReference; explicitFileType = wrapper.application; includeInIndex = 0; path = DeployableBuild_HelloWorld.app; sourceTree = BUILT_PRODUCTS_DIR; };
		8FF4A23025BF787000569DD4 /* AppDelegate.swift */ = {isa = PBXFileReference; lastKnownFileType = sourcecode.swift; path = AppDelegate.swift; sourceTree = "<group>"; };
		8FF4A23225BF787000569DD4 /* SceneDelegate.swift */ = {isa = PBXFileReference; lastKnownFileType = sourcecode.swift; path = SceneDelegate.swift; sourceTree = "<group>"; };
		8FF4A23425BF787000569DD4 /* HelloWorldViewController.swift */ = {isa = PBXFileReference; lastKnownFileType = sourcecode.swift; path = HelloWorldViewController.swift; sourceTree = "<group>"; };
		8FF4A23725BF787000569DD4 /* Base */ = {isa = PBXFileReference; lastKnownFileType = file.storyboard; name = Base; path = Base.lproj/Main.storyboard; sourceTree = "<group>"; };
		8FF4A23925BF787300569DD4 /* Assets.xcassets */ = {isa = PBXFileReference; lastKnownFileType = folder.assetcatalog; path = Assets.xcassets; sourceTree = "<group>"; };
		8FF4A23C25BF787300569DD4 /* Base */ = {isa = PBXFileReference; lastKnownFileType = file.storyboard; name = Base; path = Base.lproj/LaunchScreen.storyboard; sourceTree = "<group>"; };
		8FF4A23E25BF787300569DD4 /* Info.plist */ = {isa = PBXFileReference; lastKnownFileType = text.plist.xml; path = Info.plist; sourceTree = "<group>"; };
/* End PBXFileReference section */

/* Begin PBXFrameworksBuildPhase section */
		8FF4A22A25BF787000569DD4 /* Frameworks */ = {
			isa = PBXFrameworksBuildPhase;
			buildActionMask = 2147483647;
			files = (
			);
			runOnlyForDeploymentPostprocessing = 0;
		};
/* End PBXFrameworksBuildPhase section */

/* Begin PBXGroup section */
		8FF4A22425BF787000569DD4 = {
			isa = PBXGroup;
			children = (
				8FF4A22F25BF787000569DD4 /* DeployableBuild_HelloWorld */,
				8FF4A22E25BF787000569DD4 /* Products */,
			);
			sourceTree = "<group>";
		};
		8FF4A22E25BF787000569DD4 /* Products */ = {
			isa = PBXGroup;
			children = (
				8FF4A22D25BF787000569DD4 /* DeployableBuild_HelloWorld.app */,
			);
			name = Products;
			sourceTree = "<group>";
		};
		8FF4A22F25BF787000569DD4 /* DeployableBuild_HelloWorld */ = {
			isa = PBXGroup;
			children = (
				8FF4A23025BF787000569DD4 /* AppDelegate.swift */,
				8FF4A23225BF787000569DD4 /* SceneDelegate.swift */,
				8FF4A23425BF787000569DD4 /* HelloWorldViewController.swift */,
				8F85A04425C122D800EAE52C /* Animatable.swift */,
				8FF4A23625BF787000569DD4 /* Main.storyboard */,
				8FF4A23925BF787300569DD4 /* Assets.xcassets */,
				8FF4A23B25BF787300569DD4 /* LaunchScreen.storyboard */,
				8FF4A23E25BF787300569DD4 /* Info.plist */,
			);
			path = DeployableBuild_HelloWorld;
			sourceTree = "<group>";
		};
/* End PBXGroup section */

/* Begin PBXNativeTarget section */
		8FF4A22C25BF787000569DD4 /* DeployableBuild_HelloWorld */ = {
			isa = PBXNativeTarget;
			buildConfigurationList = 8FF4A24125BF787300569DD4 /* Build configuration list for PBXNativeTarget "DeployableBuild_HelloWorld" */;
			buildPhases = (
				8FF4A22925BF787000569DD4 /* Sources */,
				8FF4A22A25BF787000569DD4 /* Frameworks */,
				8FF4A22B25BF787000569DD4 /* Resources */,
			);
			buildRules = (
			);
			dependencies = (
			);
			name = DeployableBuild_HelloWorld;
			productName = DeployableBuild_HelloWorld;
			productReference = 8FF4A22D25BF787000569DD4 /* DeployableBuild_HelloWorld.app */;
			productType = "com.apple.product-type.application";
		};
/* End PBXNativeTarget section */

/* Begin PBXProject section */
		8FF4A22525BF787000569DD4 /* Project object */ = {
			isa = PBXProject;
			attributes = {
				LastSwiftUpdateCheck = 1220;
				LastUpgradeCheck = 1220;
				TargetAttributes = {
					8FF4A22C25BF787000569DD4 = {
						CreatedOnToolsVersion = 12.2;
					};
				};
			};
			buildConfigurationList = 8FF4A22825BF787000569DD4 /* Build configuration list for PBXProject "DeployableBuild_HelloWorld" */;
			compatibilityVersion = "Xcode 9.3";
			developmentRegion = en;
			hasScannedForEncodings = 0;
			knownRegions = (
				en,
				Base,
			);
			mainGroup = 8FF4A22425BF787000569DD4;
			productRefGroup = 8FF4A22E25BF787000569DD4 /* Products */;
			projectDirPath = "";
			projectRoot = "";
			targets = (
				8FF4A22C25BF787000569DD4 /* DeployableBuild_HelloWorld */,
			);
		};
/* End PBXProject section */

/* Begin PBXResourcesBuildPhase section */
		8FF4A22B25BF787000569DD4 /* Resources */ = {
			isa = PBXResourcesBuildPhase;
			buildActionMask = 2147483647;
			files = (
				8FF4A23D25BF787300569DD4 /* LaunchScreen.storyboard in Resources */,
				8FF4A23A25BF787300569DD4 /* Assets.xcassets in Resources */,
				8FF4A23825BF787000569DD4 /* Main.storyboard in Resources */,
			);
			runOnlyForDeploymentPostprocessing = 0;
		};
/* End PBXResourcesBuildPhase section */

/* Begin PBXSourcesBuildPhase section */
		8FF4A22925BF787000569DD4 /* Sources */ = {
			isa = PBXSourcesBuildPhase;
			buildActionMask = 2147483647;
			files = (
				8FF4A23525BF787000569DD4 /* HelloWorldViewController.swift in Sources */,
				8F85A04525C122D800EAE52C /* Animatable.swift in Sources */,
				8FF4A23125BF787000569DD4 /* AppDelegate.swift in Sources */,
				8FF4A23325BF787000569DD4 /* SceneDelegate.swift in Sources */,
			);
			runOnlyForDeploymentPostprocessing = 0;
		};
/* End PBXSourcesBuildPhase section */

/* Begin PBXVariantGroup section */
		8FF4A23625BF787000569DD4 /* Main.storyboard */ = {
			isa = PBXVariantGroup;
			children = (
				8FF4A23725BF787000569DD4 /* Base */,
			);
			name = Main.storyboard;
			sourceTree = "<group>";
		};
		8FF4A23B25BF787300569DD4 /* LaunchScreen.storyboard */ = {
			isa = PBXVariantGroup;
			children = (
				8FF4A23C25BF787300569DD4 /* Base */,
			);
			name = LaunchScreen.storyboard;
			sourceTree = "<group>";
		};
/* End PBXVariantGroup section */

/* Begin XCBuildConfiguration section */
		8FF4A23F25BF787300569DD4 /* Debug */ = {
			isa = XCBuildConfiguration;
			buildSettings = {
				ALWAYS_SEARCH_USER_PATHS = NO;
				CLANG_ANALYZER_NONNULL = YES;
				CLANG_ANALYZER_NUMBER_OBJECT_CONVERSION = YES_AGGRESSIVE;
				CLANG_CXX_LANGUAGE_STANDARD = "gnu++14";
				CLANG_CXX_LIBRARY = "libc++";
				CLANG_ENABLE_MODULES = YES;
				CLANG_ENABLE_OBJC_ARC = YES;
				CLANG_ENABLE_OBJC_WEAK = YES;
				CLANG_WARN_BLOCK_CAPTURE_AUTORELEASING = YES;
				CLANG_WARN_BOOL_CONVERSION = YES;
				CLANG_WARN_COMMA = YES;
				CLANG_WARN_CONSTANT_CONVERSION = YES;
				CLANG_WARN_DEPRECATED_OBJC_IMPLEMENTATIONS = YES;
				CLANG_WARN_DIRECT_OBJC_ISA_USAGE = YES_ERROR;
				CLANG_WARN_DOCUMENTATION_COMMENTS = YES;
				CLANG_WARN_EMPTY_BODY = YES;
				CLANG_WARN_ENUM_CONVERSION = YES;
				CLANG_WARN_INFINITE_RECURSION = YES;
				CLANG_WARN_INT_CONVERSION = YES;
				CLANG_WARN_NON_LITERAL_NULL_CONVERSION = YES;
				CLANG_WARN_OBJC_IMPLICIT_RETAIN_SELF = YES;
				CLANG_WARN_OBJC_LITERAL_CONVERSION = YES;
				CLANG_WARN_OBJC_ROOT_CLASS = YES_ERROR;
				CLANG_WARN_QUOTED_INCLUDE_IN_FRAMEWORK_HEADER = YES;
				CLANG_WARN_RANGE_LOOP_ANALYSIS = YES;
				CLANG_WARN_STRICT_PROTOTYPES = YES;
				CLANG_WARN_SUSPICIOUS_MOVE = YES;
				CLANG_WARN_UNGUARDED_AVAILABILITY = YES_AGGRESSIVE;
				CLANG_WARN_UNREACHABLE_CODE = YES;
				CLANG_WARN__DUPLICATE_METHOD_MATCH = YES;
				COPY_PHASE_STRIP = NO;
				DEBUG_INFORMATION_FORMAT = dwarf;
				ENABLE_STRICT_OBJC_MSGSEND = YES;
				ENABLE_TESTABILITY = YES;
				GCC_C_LANGUAGE_STANDARD = gnu11;
				GCC_DYNAMIC_NO_PIC = NO;
				GCC_NO_COMMON_BLOCKS = YES;
				GCC_OPTIMIZATION_LEVEL = 0;
				GCC_PREPROCESSOR_DEFINITIONS = (
					"DEBUG=1",
					"$(inherited)",
				);
				GCC_WARN_64_TO_32_BIT_CONVERSION = YES;
				GCC_WARN_ABOUT_RETURN_TYPE = YES_ERROR;
				GCC_WARN_UNDECLARED_SELECTOR = YES;
				GCC_WARN_UNINITIALIZED_AUTOS = YES_AGGRESSIVE;
				GCC_WARN_UNUSED_FUNCTION = YES;
				GCC_WARN_UNUSED_VARIABLE = YES;
				IPHONEOS_DEPLOYMENT_TARGET = 14.2;
				MTL_ENABLE_DEBUG_INFO = INCLUDE_SOURCE;
				MTL_FAST_MATH = YES;
				ONLY_ACTIVE_ARCH = YES;
				SDKROOT = iphoneos;
				SWIFT_ACTIVE_COMPILATION_CONDITIONS = DEBUG;
				SWIFT_OPTIMIZATION_LEVEL = "-Onone";
			};
			name = Debug;
		};
		8FF4A24025BF787300569DD4 /* Release */ = {
			isa = XCBuildConfiguration;
			buildSettings = {
				ALWAYS_SEARCH_USER_PATHS = NO;
				CLANG_ANALYZER_NONNULL = YES;
				CLANG_ANALYZER_NUMBER_OBJECT_CONVERSION = YES_AGGRESSIVE;
				CLANG_CXX_LANGUAGE_STANDARD = "gnu++14";
				CLANG_CXX_LIBRARY = "libc++";
				CLANG_ENABLE_MODULES = YES;
				CLANG_ENABLE_OBJC_ARC = YES;
				CLANG_ENABLE_OBJC_WEAK = YES;
				CLANG_WARN_BLOCK_CAPTURE_AUTORELEASING = YES;
				CLANG_WARN_BOOL_CONVERSION = YES;
				CLANG_WARN_COMMA = YES;
				CLANG_WARN_CONSTANT_CONVERSION = YES;
				CLANG_WARN_DEPRECATED_OBJC_IMPLEMENTATIONS = YES;
				CLANG_WARN_DIRECT_OBJC_ISA_USAGE = YES_ERROR;
				CLANG_WARN_DOCUMENTATION_COMMENTS = YES;
				CLANG_WARN_EMPTY_BODY = YES;
				CLANG_WARN_ENUM_CONVERSION = YES;
				CLANG_WARN_INFINITE_RECURSION = YES;
				CLANG_WARN_INT_CONVERSION = YES;
				CLANG_WARN_NON_LITERAL_NULL_CONVERSION = YES;
				CLANG_WARN_OBJC_IMPLICIT_RETAIN_SELF = YES;
				CLANG_WARN_OBJC_LITERAL_CONVERSION = YES;
				CLANG_WARN_OBJC_ROOT_CLASS = YES_ERROR;
				CLANG_WARN_QUOTED_INCLUDE_IN_FRAMEWORK_HEADER = YES;
				CLANG_WARN_RANGE_LOOP_ANALYSIS = YES;
				CLANG_WARN_STRICT_PROTOTYPES = YES;
				CLANG_WARN_SUSPICIOUS_MOVE = YES;
				CLANG_WARN_UNGUARDED_AVAILABILITY = YES_AGGRESSIVE;
				CLANG_WARN_UNREACHABLE_CODE = YES;
				CLANG_WARN__DUPLICATE_METHOD_MATCH = YES;
				COPY_PHASE_STRIP = NO;
				DEBUG_INFORMATION_FORMAT = "dwarf-with-dsym";
				ENABLE_NS_ASSERTIONS = NO;
				ENABLE_STRICT_OBJC_MSGSEND = YES;
				GCC_C_LANGUAGE_STANDARD = gnu11;
				GCC_NO_COMMON_BLOCKS = YES;
				GCC_WARN_64_TO_32_BIT_CONVERSION = YES;
				GCC_WARN_ABOUT_RETURN_TYPE = YES_ERROR;
				GCC_WARN_UNDECLARED_SELECTOR = YES;
				GCC_WARN_UNINITIALIZED_AUTOS = YES_AGGRESSIVE;
				GCC_WARN_UNUSED_FUNCTION = YES;
				GCC_WARN_UNUSED_VARIABLE = YES;
				IPHONEOS_DEPLOYMENT_TARGET = 14.2;
				MTL_ENABLE_DEBUG_INFO = NO;
				MTL_FAST_MATH = YES;
				SDKROOT = iphoneos;
				SWIFT_COMPILATION_MODE = wholemodule;
				SWIFT_OPTIMIZATION_LEVEL = "-O";
				VALIDATE_PRODUCT = YES;
			};
			name = Release;
		};
		8FF4A24225BF787300569DD4 /* Debug */ = {
			isa = XCBuildConfiguration;
			buildSettings = {
				ASSETCATALOG_COMPILER_APPICON_NAME = "AppIcon-2";
				ASSETCATALOG_COMPILER_GLOBAL_ACCENT_COLOR_NAME = AccentColor;
				CODE_SIGN_IDENTITY = "iPhone Developer";
				CODE_SIGN_STYLE = Manual;
				DEVELOPMENT_TEAM = AAPS2WKL6R;
				INFOPLIST_FILE = DeployableBuild_HelloWorld/Info.plist;
				LD_RUNPATH_SEARCH_PATHS = (
					"$(inherited)",
					"@executable_path/Frameworks",
				);
				PRODUCT_BUNDLE_IDENTIFIER = "com.yan.DeployableBuild-HelloWorld";
				PRODUCT_NAME = "$(TARGET_NAME)";
				PROVISIONING_PROFILE_SPECIFIER = ThirdTimesTheCharmProvisioningProfile;
				SWIFT_VERSION = 5.0;
				TARGETED_DEVICE_FAMILY = "1,2";
			};
			name = Debug;
		};
		8FF4A24325BF787300569DD4 /* Release */ = {
			isa = XCBuildConfiguration;
			buildSettings = {
				ASSETCATALOG_COMPILER_APPICON_NAME = "AppIcon-2";
				ASSETCATALOG_COMPILER_GLOBAL_ACCENT_COLOR_NAME = AccentColor;
				CODE_SIGN_IDENTITY = "iPhone Developer";
				CODE_SIGN_STYLE = Manual;
				DEVELOPMENT_TEAM = AAPS2WKL6R;
				INFOPLIST_FILE = DeployableBuild_HelloWorld/Info.plist;
				LD_RUNPATH_SEARCH_PATHS = (
					"$(inherited)",
					"@executable_path/Frameworks",
				);
				PRODUCT_BUNDLE_IDENTIFIER = "com.yan.DeployableBuild-HelloWorld";
				PRODUCT_NAME = "$(TARGET_NAME)";
				PROVISIONING_PROFILE_SPECIFIER = ThirdTimesTheCharmProvisioningProfile;
				SWIFT_VERSION = 5.0;
				TARGETED_DEVICE_FAMILY = "1,2";
			};
			name = Release;
		};
/* End XCBuildConfiguration section */

/* Begin XCConfigurationList section */
		8FF4A22825BF787000569DD4 /* Build configuration list for PBXProject "DeployableBuild_HelloWorld" */ = {
			isa = XCConfigurationList;
			buildConfigurations = (
				8FF4A23F25BF787300569DD4 /* Debug */,
				8FF4A24025BF787300569DD4 /* Release */,
			);
			defaultConfigurationIsVisible = 0;
			defaultConfigurationName = Release;
		};
		8FF4A24125BF787300569DD4 /* Build configuration list for PBXNativeTarget "DeployableBuild_HelloWorld" */ = {
			isa = XCConfigurationList;
			buildConfigurations = (
				8FF4A24225BF787300569DD4 /* Debug */,
				8FF4A24325BF787300569DD4 /* Release */,
			);
			defaultConfigurationIsVisible = 0;
			defaultConfigurationName = Release;
		};
/* End XCConfigurationList section */
	};
	rootObject = 8FF4A22525BF787000569DD4 /* Project object */;
}
