// !$*UTF8*$!
{
	archiveVersion = 1;
	classes = {
	};
	objectVersion = 50;
	objects = {

/* Begin PBXBuildFile section */
		8F0FDFBC24624BDD003E25DF /* DiparViewC.swift in Sources */ = {isa = PBXBuildFile; fileRef = 8F0FDFBB24624BDD003E25DF /* DiparViewC.swift */; };
		8F5887AE24574CA0009D41CE /* AppD.swift in Sources */ = {isa = PBXBuildFile; fileRef = 8F5887AD24574CA0009D41CE /* AppD.swift */; };
		8F5887B024574CA0009D41CE /* SceneD.swift in Sources */ = {isa = PBXBuildFile; fileRef = 8F5887AF24574CA0009D41CE /* SceneD.swift */; };
		8F5887B224574CA0009D41CE /* UnterVcC.swift in Sources */ = {isa = PBXBuildFile; fileRef = 8F5887B124574CA0009D41CE /* UnterVcC.swift */; };
		8F5887B524574CA0009D41CE /* Main.storyboard in Resources */ = {isa = PBXBuildFile; fileRef = 8F5887B324574CA0009D41CE /* Main.storyboard */; };
		8F5887B724574CA2009D41CE /* Assets.xcassets in Resources */ = {isa = PBXBuildFile; fileRef = 8F5887B624574CA2009D41CE /* Assets.xcassets */; };
		8F5887BA24574CA2009D41CE /* LaunchScreen.storyboard in Resources */ = {isa = PBXBuildFile; fileRef = 8F5887B824574CA2009D41CE /* LaunchScreen.storyboard */; };
		8F6D4334245CD9CD002C5A80 /* RapidityViewC.swift in Sources */ = {isa = PBXBuildFile; fileRef = 8F6D4333245CD9CD002C5A80 /* RapidityViewC.swift */; };
		8FC479452461E2DE001878DA /* CoreMapViewC.swift in Sources */ = {isa = PBXBuildFile; fileRef = 8FC479442461E2DE001878DA /* CoreMapViewC.swift */; };
		8FF02C5C2460B04600468449 /* VoyagerCell.swift in Sources */ = {isa = PBXBuildFile; fileRef = 8FF02C5B2460B04600468449 /* VoyagerCell.swift */; };
		8FF02C5E2460B7D300468449 /* VoyagerCollectionCell.swift in Sources */ = {isa = PBXBuildFile; fileRef = 8FF02C5D2460B7D200468449 /* VoyagerCollectionCell.swift */; };
/* End PBXBuildFile section */

/* Begin PBXFileReference section */
		8F0FDFBB24624BDD003E25DF /* DiparViewC.swift */ = {isa = PBXFileReference; lastKnownFileType = sourcecode.swift; path = DiparViewC.swift; sourceTree = "<group>"; };
		8F5887AA24574CA0009D41CE /* MeiTa InterU IcePac.app */ = {isa = PBXFileReference; explicitFileType = wrapper.application; includeInIndex = 0; path = "MeiTa InterU IcePac.app"; sourceTree = BUILT_PRODUCTS_DIR; };
		8F5887AD24574CA0009D41CE /* AppD.swift */ = {isa = PBXFileReference; lastKnownFileType = sourcecode.swift; path = AppD.swift; sourceTree = "<group>"; };
		8F5887AF24574CA0009D41CE /* SceneD.swift */ = {isa = PBXFileReference; lastKnownFileType = sourcecode.swift; path = SceneD.swift; sourceTree = "<group>"; };
		8F5887B124574CA0009D41CE /* UnterVcC.swift */ = {isa = PBXFileReference; lastKnownFileType = sourcecode.swift; path = UnterVcC.swift; sourceTree = "<group>"; };
		8F5887B424574CA0009D41CE /* Base */ = {isa = PBXFileReference; lastKnownFileType = file.storyboard; name = Base; path = Base.lproj/Main.storyboard; sourceTree = "<group>"; };
		8F5887B624574CA2009D41CE /* Assets.xcassets */ = {isa = PBXFileReference; lastKnownFileType = folder.assetcatalog; path = Assets.xcassets; sourceTree = "<group>"; };
		8F5887B924574CA2009D41CE /* Base */ = {isa = PBXFileReference; lastKnownFileType = file.storyboard; name = Base; path = Base.lproj/LaunchScreen.storyboard; sourceTree = "<group>"; };
		8F5887BB24574CA2009D41CE /* Info.plist */ = {isa = PBXFileReference; lastKnownFileType = text.plist.xml; path = Info.plist; sourceTree = "<group>"; };
		8F6D4333245CD9CD002C5A80 /* RapidityViewC.swift */ = {isa = PBXFileReference; lastKnownFileType = sourcecode.swift; path = RapidityViewC.swift; sourceTree = "<group>"; };
		8FC479442461E2DE001878DA /* CoreMapViewC.swift */ = {isa = PBXFileReference; lastKnownFileType = sourcecode.swift; path = CoreMapViewC.swift; sourceTree = "<group>"; };
		8FF02C5B2460B04600468449 /* VoyagerCell.swift */ = {isa = PBXFileReference; lastKnownFileType = sourcecode.swift; path = VoyagerCell.swift; sourceTree = "<group>"; };
		8FF02C5D2460B7D200468449 /* VoyagerCollectionCell.swift */ = {isa = PBXFileReference; lastKnownFileType = sourcecode.swift; path = VoyagerCollectionCell.swift; sourceTree = "<group>"; };
/* End PBXFileReference section */

/* Begin PBXFrameworksBuildPhase section */
		8F5887A724574CA0009D41CE /* Frameworks */ = {
			isa = PBXFrameworksBuildPhase;
			buildActionMask = 2147483647;
			files = (
			);
			runOnlyForDeploymentPostprocessing = 0;
		};
/* End PBXFrameworksBuildPhase section */

/* Begin PBXGroup section */
		8F5887A124574CA0009D41CE = {
			isa = PBXGroup;
			children = (
				8F5887AC24574CA0009D41CE /* MeiTa InterU IcePac */,
				8F5887AB24574CA0009D41CE /* Products */,
			);
			sourceTree = "<group>";
		};
		8F5887AB24574CA0009D41CE /* Products */ = {
			isa = PBXGroup;
			children = (
				8F5887AA24574CA0009D41CE /* MeiTa InterU IcePac.app */,
			);
			name = Products;
			sourceTree = "<group>";
		};
		8F5887AC24574CA0009D41CE /* MeiTa InterU IcePac */ = {
			isa = PBXGroup;
			children = (
				8F5887AD24574CA0009D41CE /* AppD.swift */,
				8F5887AF24574CA0009D41CE /* SceneD.swift */,
				8F6D4333245CD9CD002C5A80 /* RapidityViewC.swift */,
				8F5887B124574CA0009D41CE /* UnterVcC.swift */,
				8FF02C5B2460B04600468449 /* VoyagerCell.swift */,
				8FF02C5D2460B7D200468449 /* VoyagerCollectionCell.swift */,
				8FC479442461E2DE001878DA /* CoreMapViewC.swift */,
				8F0FDFBB24624BDD003E25DF /* DiparViewC.swift */,
				8F5887B324574CA0009D41CE /* Main.storyboard */,
				8F5887B624574CA2009D41CE /* Assets.xcassets */,
				8F5887B824574CA2009D41CE /* LaunchScreen.storyboard */,
				8F5887BB24574CA2009D41CE /* Info.plist */,
			);
			path = "MeiTa InterU IcePac";
			sourceTree = "<group>";
		};
/* End PBXGroup section */

/* Begin PBXNativeTarget section */
		8F5887A924574CA0009D41CE /* MeiTa InterU IcePac */ = {
			isa = PBXNativeTarget;
			buildConfigurationList = 8F5887BE24574CA2009D41CE /* Build configuration list for PBXNativeTarget "MeiTa InterU IcePac" */;
			buildPhases = (
				8F5887A624574CA0009D41CE /* Sources */,
				8F5887A724574CA0009D41CE /* Frameworks */,
				8F5887A824574CA0009D41CE /* Resources */,
			);
			buildRules = (
			);
			dependencies = (
			);
			name = "MeiTa InterU IcePac";
			productName = "MeiTa InterU IcePac";
			productReference = 8F5887AA24574CA0009D41CE /* MeiTa InterU IcePac.app */;
			productType = "com.apple.product-type.application";
		};
/* End PBXNativeTarget section */

/* Begin PBXProject section */
		8F5887A224574CA0009D41CE /* Project object */ = {
			isa = PBXProject;
			attributes = {
				LastSwiftUpdateCheck = 1120;
				LastUpgradeCheck = 1120;
				ORGANIZATIONNAME = "Jerry Ren";
				TargetAttributes = {
					8F5887A924574CA0009D41CE = {
						CreatedOnToolsVersion = 11.2;
					};
				};
			};
			buildConfigurationList = 8F5887A524574CA0009D41CE /* Build configuration list for PBXProject "MeiTa InterU IcePac" */;
			compatibilityVersion = "Xcode 9.3";
			developmentRegion = en;
			hasScannedForEncodings = 0;
			knownRegions = (
				en,
				Base,
			);
			mainGroup = 8F5887A124574CA0009D41CE;
			productRefGroup = 8F5887AB24574CA0009D41CE /* Products */;
			projectDirPath = "";
			projectRoot = "";
			targets = (
				8F5887A924574CA0009D41CE /* MeiTa InterU IcePac */,
			);
		};
/* End PBXProject section */

/* Begin PBXResourcesBuildPhase section */
		8F5887A824574CA0009D41CE /* Resources */ = {
			isa = PBXResourcesBuildPhase;
			buildActionMask = 2147483647;
			files = (
				8F5887BA24574CA2009D41CE /* LaunchScreen.storyboard in Resources */,
				8F5887B724574CA2009D41CE /* Assets.xcassets in Resources */,
				8F5887B524574CA0009D41CE /* Main.storyboard in Resources */,
			);
			runOnlyForDeploymentPostprocessing = 0;
		};
/* End PBXResourcesBuildPhase section */

/* Begin PBXSourcesBuildPhase section */
		8F5887A624574CA0009D41CE /* Sources */ = {
			isa = PBXSourcesBuildPhase;
			buildActionMask = 2147483647;
			files = (
				8F5887B224574CA0009D41CE /* UnterVcC.swift in Sources */,
				8F0FDFBC24624BDD003E25DF /* DiparViewC.swift in Sources */,
				8FF02C5C2460B04600468449 /* VoyagerCell.swift in Sources */,
				8FC479452461E2DE001878DA /* CoreMapViewC.swift in Sources */,
				8F5887AE24574CA0009D41CE /* AppD.swift in Sources */,
				8FF02C5E2460B7D300468449 /* VoyagerCollectionCell.swift in Sources */,
				8F6D4334245CD9CD002C5A80 /* RapidityViewC.swift in Sources */,
				8F5887B024574CA0009D41CE /* SceneD.swift in Sources */,
			);
			runOnlyForDeploymentPostprocessing = 0;
		};
/* End PBXSourcesBuildPhase section */

/* Begin PBXVariantGroup section */
		8F5887B324574CA0009D41CE /* Main.storyboard */ = {
			isa = PBXVariantGroup;
			children = (
				8F5887B424574CA0009D41CE /* Base */,
			);
			name = Main.storyboard;
			sourceTree = "<group>";
		};
		8F5887B824574CA2009D41CE /* LaunchScreen.storyboard */ = {
			isa = PBXVariantGroup;
			children = (
				8F5887B924574CA2009D41CE /* Base */,
			);
			name = LaunchScreen.storyboard;
			sourceTree = "<group>";
		};
/* End PBXVariantGroup section */

/* Begin XCBuildConfiguration section */
		8F5887BC24574CA2009D41CE /* Debug */ = {
			isa = XCBuildConfiguration;
			buildSettings = {
				ALWAYS_SEARCH_USER_PATHS = NO;
				CLANG_ANALYZER_NONNULL = YES;
				CLANG_ANALYZER_NUMBER_OBJECT_CONVERSION = YES_AGGRESSIVE;
				CLANG_CXX_LANGUAGE_STANDARD = "gnu++14";
				CLANG_CXX_LIBRARY = "libc++";
				CLANG_ENABLE_MODULES = YES;
				CLANG_ENABLE_OBJC_ARC = YES;
				CLANG_ENABLE_OBJC_WEAK = YES;
				CLANG_WARN_BLOCK_CAPTURE_AUTORELEASING = YES;
				CLANG_WARN_BOOL_CONVERSION = YES;
				CLANG_WARN_COMMA = YES;
				CLANG_WARN_CONSTANT_CONVERSION = YES;
				CLANG_WARN_DEPRECATED_OBJC_IMPLEMENTATIONS = YES;
				CLANG_WARN_DIRECT_OBJC_ISA_USAGE = YES_ERROR;
				CLANG_WARN_DOCUMENTATION_COMMENTS = YES;
				CLANG_WARN_EMPTY_BODY = YES;
				CLANG_WARN_ENUM_CONVERSION = YES;
				CLANG_WARN_INFINITE_RECURSION = YES;
				CLANG_WARN_INT_CONVERSION = YES;
				CLANG_WARN_NON_LITERAL_NULL_CONVERSION = YES;
				CLANG_WARN_OBJC_IMPLICIT_RETAIN_SELF = YES;
				CLANG_WARN_OBJC_LITERAL_CONVERSION = YES;
				CLANG_WARN_OBJC_ROOT_CLASS = YES_ERROR;
				CLANG_WARN_RANGE_LOOP_ANALYSIS = YES;
				CLANG_WARN_STRICT_PROTOTYPES = YES;
				CLANG_WARN_SUSPICIOUS_MOVE = YES;
				CLANG_WARN_UNGUARDED_AVAILABILITY = YES_AGGRESSIVE;
				CLANG_WARN_UNREACHABLE_CODE = YES;
				CLANG_WARN__DUPLICATE_METHOD_MATCH = YES;
				COPY_PHASE_STRIP = NO;
				DEBUG_INFORMATION_FORMAT = dwarf;
				ENABLE_STRICT_OBJC_MSGSEND = YES;
				ENABLE_TESTABILITY = YES;
				GCC_C_LANGUAGE_STANDARD = gnu11;
				GCC_DYNAMIC_NO_PIC = NO;
				GCC_NO_COMMON_BLOCKS = YES;
				GCC_OPTIMIZATION_LEVEL = 0;
				GCC_PREPROCESSOR_DEFINITIONS = (
					"DEBUG=1",
					"$(inherited)",
				);
				GCC_WARN_64_TO_32_BIT_CONVERSION = YES;
				GCC_WARN_ABOUT_RETURN_TYPE = YES_ERROR;
				GCC_WARN_UNDECLARED_SELECTOR = YES;
				GCC_WARN_UNINITIALIZED_AUTOS = YES_AGGRESSIVE;
				GCC_WARN_UNUSED_FUNCTION = YES;
				GCC_WARN_UNUSED_VARIABLE = YES;
				IPHONEOS_DEPLOYMENT_TARGET = 13.2;
				MTL_ENABLE_DEBUG_INFO = INCLUDE_SOURCE;
				MTL_FAST_MATH = YES;
				ONLY_ACTIVE_ARCH = YES;
				SDKROOT = iphoneos;
				SWIFT_ACTIVE_COMPILATION_CONDITIONS = DEBUG;
				SWIFT_OPTIMIZATION_LEVEL = "-Onone";
			};
			name = Debug;
		};
		8F5887BD24574CA2009D41CE /* Release */ = {
			isa = XCBuildConfiguration;
			buildSettings = {
				ALWAYS_SEARCH_USER_PATHS = NO;
				CLANG_ANALYZER_NONNULL = YES;
				CLANG_ANALYZER_NUMBER_OBJECT_CONVERSION = YES_AGGRESSIVE;
				CLANG_CXX_LANGUAGE_STANDARD = "gnu++14";
				CLANG_CXX_LIBRARY = "libc++";
				CLANG_ENABLE_MODULES = YES;
				CLANG_ENABLE_OBJC_ARC = YES;
				CLANG_ENABLE_OBJC_WEAK = YES;
				CLANG_WARN_BLOCK_CAPTURE_AUTORELEASING = YES;
				CLANG_WARN_BOOL_CONVERSION = YES;
				CLANG_WARN_COMMA = YES;
				CLANG_WARN_CONSTANT_CONVERSION = YES;
				CLANG_WARN_DEPRECATED_OBJC_IMPLEMENTATIONS = YES;
				CLANG_WARN_DIRECT_OBJC_ISA_USAGE = YES_ERROR;
				CLANG_WARN_DOCUMENTATION_COMMENTS = YES;
				CLANG_WARN_EMPTY_BODY = YES;
				CLANG_WARN_ENUM_CONVERSION = YES;
				CLANG_WARN_INFINITE_RECURSION = YES;
				CLANG_WARN_INT_CONVERSION = YES;
				CLANG_WARN_NON_LITERAL_NULL_CONVERSION = YES;
				CLANG_WARN_OBJC_IMPLICIT_RETAIN_SELF = YES;
				CLANG_WARN_OBJC_LITERAL_CONVERSION = YES;
				CLANG_WARN_OBJC_ROOT_CLASS = YES_ERROR;
				CLANG_WARN_RANGE_LOOP_ANALYSIS = YES;
				CLANG_WARN_STRICT_PROTOTYPES = YES;
				CLANG_WARN_SUSPICIOUS_MOVE = YES;
				CLANG_WARN_UNGUARDED_AVAILABILITY = YES_AGGRESSIVE;
				CLANG_WARN_UNREACHABLE_CODE = YES;
				CLANG_WARN__DUPLICATE_METHOD_MATCH = YES;
				COPY_PHASE_STRIP = NO;
				DEBUG_INFORMATION_FORMAT = "dwarf-with-dsym";
				ENABLE_NS_ASSERTIONS = NO;
				ENABLE_STRICT_OBJC_MSGSEND = YES;
				GCC_C_LANGUAGE_STANDARD = gnu11;
				GCC_NO_COMMON_BLOCKS = YES;
				GCC_WARN_64_TO_32_BIT_CONVERSION = YES;
				GCC_WARN_ABOUT_RETURN_TYPE = YES_ERROR;
				GCC_WARN_UNDECLARED_SELECTOR = YES;
				GCC_WARN_UNINITIALIZED_AUTOS = YES_AGGRESSIVE;
				GCC_WARN_UNUSED_FUNCTION = YES;
				GCC_WARN_UNUSED_VARIABLE = YES;
				IPHONEOS_DEPLOYMENT_TARGET = 13.2;
				MTL_ENABLE_DEBUG_INFO = NO;
				MTL_FAST_MATH = YES;
				SDKROOT = iphoneos;
				SWIFT_COMPILATION_MODE = wholemodule;
				SWIFT_OPTIMIZATION_LEVEL = "-O";
				VALIDATE_PRODUCT = YES;
			};
			name = Release;
		};
		8F5887BF24574CA2009D41CE /* Debug */ = {
			isa = XCBuildConfiguration;
			buildSettings = {
				ASSETCATALOG_COMPILER_APPICON_NAME = AppIcon;
				CODE_SIGN_STYLE = Automatic;
				INFOPLIST_FILE = "MeiTa InterU IcePac/Info.plist";
				LD_RUNPATH_SEARCH_PATHS = (
					"$(inherited)",
					"@executable_path/Frameworks",
				);
				PRODUCT_BUNDLE_IDENTIFIER = "com.JerryRen.MeiTa-InterU-IcePac";
				PRODUCT_NAME = "$(TARGET_NAME)";
				SWIFT_VERSION = 5.0;
				TARGETED_DEVICE_FAMILY = "1,2";
			};
			name = Debug;
		};
		8F5887C024574CA2009D41CE /* Release */ = {
			isa = XCBuildConfiguration;
			buildSettings = {
				ASSETCATALOG_COMPILER_APPICON_NAME = AppIcon;
				CODE_SIGN_STYLE = Automatic;
				INFOPLIST_FILE = "MeiTa InterU IcePac/Info.plist";
				LD_RUNPATH_SEARCH_PATHS = (
					"$(inherited)",
					"@executable_path/Frameworks",
				);
				PRODUCT_BUNDLE_IDENTIFIER = "com.JerryRen.MeiTa-InterU-IcePac";
				PRODUCT_NAME = "$(TARGET_NAME)";
				SWIFT_VERSION = 5.0;
				TARGETED_DEVICE_FAMILY = "1,2";
			};
			name = Release;
		};
/* End XCBuildConfiguration section */

/* Begin XCConfigurationList section */
		8F5887A524574CA0009D41CE /* Build configuration list for PBXProject "MeiTa InterU IcePac" */ = {
			isa = XCConfigurationList;
			buildConfigurations = (
				8F5887BC24574CA2009D41CE /* Debug */,
				8F5887BD24574CA2009D41CE /* Release */,
			);
			defaultConfigurationIsVisible = 0;
			defaultConfigurationName = Release;
		};
		8F5887BE24574CA2009D41CE /* Build configuration list for PBXNativeTarget "MeiTa InterU IcePac" */ = {
			isa = XCConfigurationList;
			buildConfigurations = (
				8F5887BF24574CA2009D41CE /* Debug */,
				8F5887C024574CA2009D41CE /* Release */,
			);
			defaultConfigurationIsVisible = 0;
			defaultConfigurationName = Release;
		};
/* End XCConfigurationList section */
	};
	rootObject = 8F5887A224574CA0009D41CE /* Project object */;
}
